// !$*UTF8*$!
{
	archiveVersion = 1;
	classes = {
	};
	objectVersion = 56;
	objects = {

/* Begin PBXBuildFile section */
		181A1D412B7366FB000482F4 /* Planet.swift in Sources */ = {isa = PBXBuildFile; fileRef = 181A1D402B7366FB000482F4 /* Planet.swift */; };
		181A1D432B736BF3000482F4 /* AppViewModel.swift in Sources */ = {isa = PBXBuildFile; fileRef = 181A1D422B736BF3000482F4 /* AppViewModel.swift */; };
		181A1D452B7376BC000482F4 /* ImmersiveControlsView.swift in Sources */ = {isa = PBXBuildFile; fileRef = 181A1D442B7376BC000482F4 /* ImmersiveControlsView.swift */; };
		181A1D472B738B89000482F4 /* MainView.swift in Sources */ = {isa = PBXBuildFile; fileRef = 181A1D462B738B89000482F4 /* MainView.swift */; };
		181A1D492B738D66000482F4 /* SolarSystemView.swift in Sources */ = {isa = PBXBuildFile; fileRef = 181A1D482B738D66000482F4 /* SolarSystemView.swift */; };
		1838CF702B6F77680094FC0F /* RealityKitContent in Frameworks */ = {isa = PBXBuildFile; productRef = 1838CF6F2B6F77680094FC0F /* RealityKitContent */; };
		1838CF722B6F77680094FC0F /* SolarSystemApp.swift in Sources */ = {isa = PBXBuildFile; fileRef = 1838CF712B6F77680094FC0F /* SolarSystemApp.swift */; };
		1838CF742B6F77680094FC0F /* HomeView.swift in Sources */ = {isa = PBXBuildFile; fileRef = 1838CF732B6F77680094FC0F /* HomeView.swift */; };
		1838CF762B6F77680094FC0F /* ImmersiveView.swift in Sources */ = {isa = PBXBuildFile; fileRef = 1838CF752B6F77680094FC0F /* ImmersiveView.swift */; };
		1838CF782B6F77690094FC0F /* Assets.xcassets in Resources */ = {isa = PBXBuildFile; fileRef = 1838CF772B6F77690094FC0F /* Assets.xcassets */; };
		1838CF7B2B6F77690094FC0F /* Preview Assets.xcassets in Resources */ = {isa = PBXBuildFile; fileRef = 1838CF7A2B6F77690094FC0F /* Preview Assets.xcassets */; };
		1886EB2E2B6FA1C3005B10CF /* HomeModel.swift in Sources */ = {isa = PBXBuildFile; fileRef = 1886EB2D2B6FA1C3005B10CF /* HomeModel.swift */; };
		18E6EDC02B70A82C00F9BBE1 /* PlanetDetailView.swift in Sources */ = {isa = PBXBuildFile; fileRef = 18E6EDBF2B70A82C00F9BBE1 /* PlanetDetailView.swift */; };
/* End PBXBuildFile section */

/* Begin PBXFileReference section */
		181A1D402B7366FB000482F4 /* Planet.swift */ = {isa = PBXFileReference; lastKnownFileType = sourcecode.swift; path = Planet.swift; sourceTree = "<group>"; };
		181A1D422B736BF3000482F4 /* AppViewModel.swift */ = {isa = PBXFileReference; lastKnownFileType = sourcecode.swift; path = AppViewModel.swift; sourceTree = "<group>"; };
		181A1D442B7376BC000482F4 /* ImmersiveControlsView.swift */ = {isa = PBXFileReference; lastKnownFileType = sourcecode.swift; path = ImmersiveControlsView.swift; sourceTree = "<group>"; };
		181A1D462B738B89000482F4 /* MainView.swift */ = {isa = PBXFileReference; lastKnownFileType = sourcecode.swift; path = MainView.swift; sourceTree = "<group>"; };
		181A1D482B738D66000482F4 /* SolarSystemView.swift */ = {isa = PBXFileReference; lastKnownFileType = sourcecode.swift; path = SolarSystemView.swift; sourceTree = "<group>"; };
		1838CF6A2B6F77680094FC0F /* SolarSystem.app */ = {isa = PBXFileReference; explicitFileType = wrapper.application; includeInIndex = 0; path = SolarSystem.app; sourceTree = BUILT_PRODUCTS_DIR; };
		1838CF6E2B6F77680094FC0F /* RealityKitContent */ = {isa = PBXFileReference; lastKnownFileType = wrapper; path = RealityKitContent; sourceTree = "<group>"; };
		1838CF712B6F77680094FC0F /* SolarSystemApp.swift */ = {isa = PBXFileReference; lastKnownFileType = sourcecode.swift; path = SolarSystemApp.swift; sourceTree = "<group>"; };
		1838CF732B6F77680094FC0F /* HomeView.swift */ = {isa = PBXFileReference; lastKnownFileType = sourcecode.swift; path = HomeView.swift; sourceTree = "<group>"; };
		1838CF752B6F77680094FC0F /* ImmersiveView.swift */ = {isa = PBXFileReference; lastKnownFileType = sourcecode.swift; path = ImmersiveView.swift; sourceTree = "<group>"; };
		1838CF772B6F77690094FC0F /* Assets.xcassets */ = {isa = PBXFileReference; lastKnownFileType = folder.assetcatalog; path = Assets.xcassets; sourceTree = "<group>"; };
		1838CF7A2B6F77690094FC0F /* Preview Assets.xcassets */ = {isa = PBXFileReference; lastKnownFileType = folder.assetcatalog; path = "Preview Assets.xcassets"; sourceTree = "<group>"; };
		1838CF7C2B6F77690094FC0F /* Info.plist */ = {isa = PBXFileReference; lastKnownFileType = text.plist.xml; path = Info.plist; sourceTree = "<group>"; };
		1886EB2D2B6FA1C3005B10CF /* HomeModel.swift */ = {isa = PBXFileReference; lastKnownFileType = sourcecode.swift; path = HomeModel.swift; sourceTree = "<group>"; };
		18E6EDBF2B70A82C00F9BBE1 /* PlanetDetailView.swift */ = {isa = PBXFileReference; lastKnownFileType = sourcecode.swift; path = PlanetDetailView.swift; sourceTree = "<group>"; };
/* End PBXFileReference section */

/* Begin PBXFrameworksBuildPhase section */
		1838CF672B6F77680094FC0F /* Frameworks */ = {
			isa = PBXFrameworksBuildPhase;
			buildActionMask = 2147483647;
			files = (
				1838CF702B6F77680094FC0F /* RealityKitContent in Frameworks */,
			);
			runOnlyForDeploymentPostprocessing = 0;
		};
/* End PBXFrameworksBuildPhase section */

/* Begin PBXGroup section */
		1838CF612B6F77680094FC0F = {
			isa = PBXGroup;
			children = (
				1838CF6C2B6F77680094FC0F /* SolarSystem */,
				1838CF6D2B6F77680094FC0F /* Packages */,
				1838CF6B2B6F77680094FC0F /* Products */,
			);
			sourceTree = "<group>";
		};
		1838CF6B2B6F77680094FC0F /* Products */ = {
			isa = PBXGroup;
			children = (
				1838CF6A2B6F77680094FC0F /* SolarSystem.app */,
			);
			name = Products;
			sourceTree = "<group>";
		};
		1838CF6C2B6F77680094FC0F /* SolarSystem */ = {
			isa = PBXGroup;
			children = (
				1838CF712B6F77680094FC0F /* SolarSystemApp.swift */,
				181A1D422B736BF3000482F4 /* AppViewModel.swift */,
				1838CF732B6F77680094FC0F /* HomeView.swift */,
				181A1D462B738B89000482F4 /* MainView.swift */,
				181A1D482B738D66000482F4 /* SolarSystemView.swift */,
				18E6EDBF2B70A82C00F9BBE1 /* PlanetDetailView.swift */,
				181A1D442B7376BC000482F4 /* ImmersiveControlsView.swift */,
				181A1D402B7366FB000482F4 /* Planet.swift */,
				1886EB2D2B6FA1C3005B10CF /* HomeModel.swift */,
				1838CF752B6F77680094FC0F /* ImmersiveView.swift */,
				1838CF772B6F77690094FC0F /* Assets.xcassets */,
				1838CF7C2B6F77690094FC0F /* Info.plist */,
				1838CF792B6F77690094FC0F /* Preview Content */,
			);
			path = SolarSystem;
			sourceTree = "<group>";
		};
		1838CF6D2B6F77680094FC0F /* Packages */ = {
			isa = PBXGroup;
			children = (
				1838CF6E2B6F77680094FC0F /* RealityKitContent */,
			);
			path = Packages;
			sourceTree = "<group>";
		};
		1838CF792B6F77690094FC0F /* Preview Content */ = {
			isa = PBXGroup;
			children = (
				1838CF7A2B6F77690094FC0F /* Preview Assets.xcassets */,
			);
			path = "Preview Content";
			sourceTree = "<group>";
		};
/* End PBXGroup section */

/* Begin PBXNativeTarget section */
		1838CF692B6F77680094FC0F /* SolarSystem */ = {
			isa = PBXNativeTarget;
			buildConfigurationList = 1838CF7F2B6F77690094FC0F /* Build configuration list for PBXNativeTarget "SolarSystem" */;
			buildPhases = (
				1838CF662B6F77680094FC0F /* Sources */,
				1838CF672B6F77680094FC0F /* Frameworks */,
				1838CF682B6F77680094FC0F /* Resources */,
			);
			buildRules = (
			);
			dependencies = (
			);
			name = SolarSystem;
			packageProductDependencies = (
				1838CF6F2B6F77680094FC0F /* RealityKitContent */,
			);
			productName = SolarSystem;
			productReference = 1838CF6A2B6F77680094FC0F /* SolarSystem.app */;
			productType = "com.apple.product-type.application";
		};
/* End PBXNativeTarget section */

/* Begin PBXProject section */
		1838CF622B6F77680094FC0F /* Project object */ = {
			isa = PBXProject;
			attributes = {
				BuildIndependentTargetsInParallel = 1;
				LastSwiftUpdateCheck = 1520;
				LastUpgradeCheck = 1520;
				TargetAttributes = {
					1838CF692B6F77680094FC0F = {
						CreatedOnToolsVersion = 15.2;
					};
				};
			};
			buildConfigurationList = 1838CF652B6F77680094FC0F /* Build configuration list for PBXProject "SolarSystem" */;
			compatibilityVersion = "Xcode 14.0";
			developmentRegion = en;
			hasScannedForEncodings = 0;
			knownRegions = (
				en,
				Base,
			);
			mainGroup = 1838CF612B6F77680094FC0F;
			productRefGroup = 1838CF6B2B6F77680094FC0F /* Products */;
			projectDirPath = "";
			projectRoot = "";
			targets = (
				1838CF692B6F77680094FC0F /* SolarSystem */,
			);
		};
/* End PBXProject section */

/* Begin PBXResourcesBuildPhase section */
		1838CF682B6F77680094FC0F /* Resources */ = {
			isa = PBXResourcesBuildPhase;
			buildActionMask = 2147483647;
			files = (
				1838CF7B2B6F77690094FC0F /* Preview Assets.xcassets in Resources */,
				1838CF782B6F77690094FC0F /* Assets.xcassets in Resources */,
			);
			runOnlyForDeploymentPostprocessing = 0;
		};
/* End PBXResourcesBuildPhase section */

/* Begin PBXSourcesBuildPhase section */
		1838CF662B6F77680094FC0F /* Sources */ = {
			isa = PBXSourcesBuildPhase;
			buildActionMask = 2147483647;
			files = (
				1886EB2E2B6FA1C3005B10CF /* HomeModel.swift in Sources */,
				181A1D472B738B89000482F4 /* MainView.swift in Sources */,
				1838CF742B6F77680094FC0F /* HomeView.swift in Sources */,
				181A1D432B736BF3000482F4 /* AppViewModel.swift in Sources */,
				1838CF722B6F77680094FC0F /* SolarSystemApp.swift in Sources */,
				181A1D412B7366FB000482F4 /* Planet.swift in Sources */,
				18E6EDC02B70A82C00F9BBE1 /* PlanetDetailView.swift in Sources */,
				181A1D452B7376BC000482F4 /* ImmersiveControlsView.swift in Sources */,
				1838CF762B6F77680094FC0F /* ImmersiveView.swift in Sources */,
				181A1D492B738D66000482F4 /* SolarSystemView.swift in Sources */,
			);
			runOnlyForDeploymentPostprocessing = 0;
		};
/* End PBXSourcesBuildPhase section */

/* Begin XCBuildConfiguration section */
		1838CF7D2B6F77690094FC0F /* Debug */ = {
			isa = XCBuildConfiguration;
			buildSettings = {
				ALWAYS_SEARCH_USER_PATHS = NO;
				ASSETCATALOG_COMPILER_GENERATE_SWIFT_ASSET_SYMBOL_EXTENSIONS = YES;
				CLANG_ANALYZER_NONNULL = YES;
				CLANG_ANALYZER_NUMBER_OBJECT_CONVERSION = YES_AGGRESSIVE;
				CLANG_CXX_LANGUAGE_STANDARD = "gnu++20";
				CLANG_ENABLE_MODULES = YES;
				CLANG_ENABLE_OBJC_ARC = YES;
				CLANG_ENABLE_OBJC_WEAK = YES;
				CLANG_WARN_BLOCK_CAPTURE_AUTORELEASING = YES;
				CLANG_WARN_BOOL_CONVERSION = YES;
				CLANG_WARN_COMMA = YES;
				CLANG_WARN_CONSTANT_CONVERSION = YES;
				CLANG_WARN_DEPRECATED_OBJC_IMPLEMENTATIONS = YES;
				CLANG_WARN_DIRECT_OBJC_ISA_USAGE = YES_ERROR;
				CLANG_WARN_DOCUMENTATION_COMMENTS = YES;
				CLANG_WARN_EMPTY_BODY = YES;
				CLANG_WARN_ENUM_CONVERSION = YES;
				CLANG_WARN_INFINITE_RECURSION = YES;
				CLANG_WARN_INT_CONVERSION = YES;
				CLANG_WARN_NON_LITERAL_NULL_CONVERSION = YES;
				CLANG_WARN_OBJC_IMPLICIT_RETAIN_SELF = YES;
				CLANG_WARN_OBJC_LITERAL_CONVERSION = YES;
				CLANG_WARN_OBJC_ROOT_CLASS = YES_ERROR;
				CLANG_WARN_QUOTED_INCLUDE_IN_FRAMEWORK_HEADER = YES;
				CLANG_WARN_RANGE_LOOP_ANALYSIS = YES;
				CLANG_WARN_STRICT_PROTOTYPES = YES;
				CLANG_WARN_SUSPICIOUS_MOVE = YES;
				CLANG_WARN_UNGUARDED_AVAILABILITY = YES_AGGRESSIVE;
				CLANG_WARN_UNREACHABLE_CODE = YES;
				CLANG_WARN__DUPLICATE_METHOD_MATCH = YES;
				COPY_PHASE_STRIP = NO;
				DEBUG_INFORMATION_FORMAT = dwarf;
				ENABLE_STRICT_OBJC_MSGSEND = YES;
				ENABLE_TESTABILITY = YES;
				ENABLE_USER_SCRIPT_SANDBOXING = YES;
				GCC_C_LANGUAGE_STANDARD = gnu17;
				GCC_DYNAMIC_NO_PIC = NO;
				GCC_NO_COMMON_BLOCKS = YES;
				GCC_OPTIMIZATION_LEVEL = 0;
				GCC_PREPROCESSOR_DEFINITIONS = (
					"DEBUG=1",
					"$(inherited)",
				);
				GCC_WARN_64_TO_32_BIT_CONVERSION = YES;
				GCC_WARN_ABOUT_RETURN_TYPE = YES_ERROR;
				GCC_WARN_UNDECLARED_SELECTOR = YES;
				GCC_WARN_UNINITIALIZED_AUTOS = YES_AGGRESSIVE;
				GCC_WARN_UNUSED_FUNCTION = YES;
				GCC_WARN_UNUSED_VARIABLE = YES;
				LOCALIZATION_PREFERS_STRING_CATALOGS = YES;
				MTL_ENABLE_DEBUG_INFO = INCLUDE_SOURCE;
				MTL_FAST_MATH = YES;
				ONLY_ACTIVE_ARCH = YES;
				SDKROOT = xros;
				SWIFT_ACTIVE_COMPILATION_CONDITIONS = "DEBUG $(inherited)";
				SWIFT_OPTIMIZATION_LEVEL = "-Onone";
				XROS_DEPLOYMENT_TARGET = 1.0;
			};
			name = Debug;
		};
		1838CF7E2B6F77690094FC0F /* Release */ = {
			isa = XCBuildConfiguration;
			buildSettings = {
				ALWAYS_SEARCH_USER_PATHS = NO;
				ASSETCATALOG_COMPILER_GENERATE_SWIFT_ASSET_SYMBOL_EXTENSIONS = YES;
				CLANG_ANALYZER_NONNULL = YES;
				CLANG_ANALYZER_NUMBER_OBJECT_CONVERSION = YES_AGGRESSIVE;
				CLANG_CXX_LANGUAGE_STANDARD = "gnu++20";
				CLANG_ENABLE_MODULES = YES;
				CLANG_ENABLE_OBJC_ARC = YES;
				CLANG_ENABLE_OBJC_WEAK = YES;
				CLANG_WARN_BLOCK_CAPTURE_AUTORELEASING = YES;
				CLANG_WARN_BOOL_CONVERSION = YES;
				CLANG_WARN_COMMA = YES;
				CLANG_WARN_CONSTANT_CONVERSION = YES;
				CLANG_WARN_DEPRECATED_OBJC_IMPLEMENTATIONS = YES;
				CLANG_WARN_DIRECT_OBJC_ISA_USAGE = YES_ERROR;
				CLANG_WARN_DOCUMENTATION_COMMENTS = YES;
				CLANG_WARN_EMPTY_BODY = YES;
				CLANG_WARN_ENUM_CONVERSION = YES;
				CLANG_WARN_INFINITE_RECURSION = YES;
				CLANG_WARN_INT_CONVERSION = YES;
				CLANG_WARN_NON_LITERAL_NULL_CONVERSION = YES;
				CLANG_WARN_OBJC_IMPLICIT_RETAIN_SELF = YES;
				CLANG_WARN_OBJC_LITERAL_CONVERSION = YES;
				CLANG_WARN_OBJC_ROOT_CLASS = YES_ERROR;
				CLANG_WARN_QUOTED_INCLUDE_IN_FRAMEWORK_HEADER = YES;
				CLANG_WARN_RANGE_LOOP_ANALYSIS = YES;
				CLANG_WARN_STRICT_PROTOTYPES = YES;
				CLANG_WARN_SUSPICIOUS_MOVE = YES;
				CLANG_WARN_UNGUARDED_AVAILABILITY = YES_AGGRESSIVE;
				CLANG_WARN_UNREACHABLE_CODE = YES;
				CLANG_WARN__DUPLICATE_METHOD_MATCH = YES;
				COPY_PHASE_STRIP = NO;
				DEBUG_INFORMATION_FORMAT = "dwarf-with-dsym";
				ENABLE_NS_ASSERTIONS = NO;
				ENABLE_STRICT_OBJC_MSGSEND = YES;
				ENABLE_USER_SCRIPT_SANDBOXING = YES;
				GCC_C_LANGUAGE_STANDARD = gnu17;
				GCC_NO_COMMON_BLOCKS = YES;
				GCC_WARN_64_TO_32_BIT_CONVERSION = YES;
				GCC_WARN_ABOUT_RETURN_TYPE = YES_ERROR;
				GCC_WARN_UNDECLARED_SELECTOR = YES;
				GCC_WARN_UNINITIALIZED_AUTOS = YES_AGGRESSIVE;
				GCC_WARN_UNUSED_FUNCTION = YES;
				GCC_WARN_UNUSED_VARIABLE = YES;
				LOCALIZATION_PREFERS_STRING_CATALOGS = YES;
				MTL_ENABLE_DEBUG_INFO = NO;
				MTL_FAST_MATH = YES;
				SDKROOT = xros;
				SWIFT_COMPILATION_MODE = wholemodule;
				VALIDATE_PRODUCT = YES;
				XROS_DEPLOYMENT_TARGET = 1.0;
			};
			name = Release;
		};
		1838CF802B6F77690094FC0F /* Debug */ = {
			isa = XCBuildConfiguration;
			buildSettings = {
				ASSETCATALOG_COMPILER_APPICON_NAME = AppIcon;
				ASSETCATALOG_COMPILER_GLOBAL_ACCENT_COLOR_NAME = AccentColor;
				CODE_SIGN_STYLE = Automatic;
				CURRENT_PROJECT_VERSION = 1;
				DEVELOPMENT_ASSET_PATHS = "\"SolarSystem/Preview Content\"";
				DEVELOPMENT_TEAM = U4D48PAUT3;
				ENABLE_PREVIEWS = YES;
				GENERATE_INFOPLIST_FILE = YES;
				INFOPLIST_FILE = "$(TARGET_NAME)/Info.plist";
				LD_RUNPATH_SEARCH_PATHS = (
					"$(inherited)",
					"@executable_path/Frameworks",
				);
				MARKETING_VERSION = 1.0;
				PRODUCT_BUNDLE_IDENTIFIER = com.rishabhsharma.SolarSystem;
				PRODUCT_NAME = "$(TARGET_NAME)";
				SUPPORTED_PLATFORMS = "xros xrsimulator";
				SWIFT_EMIT_LOC_STRINGS = YES;
				SWIFT_VERSION = 5.0;
				TARGETED_DEVICE_FAMILY = "1,2,7";
			};
			name = Debug;
		};
		1838CF812B6F77690094FC0F /* Release */ = {
			isa = XCBuildConfiguration;
			buildSettings = {
				ASSETCATALOG_COMPILER_APPICON_NAME = AppIcon;
				ASSETCATALOG_COMPILER_GLOBAL_ACCENT_COLOR_NAME = AccentColor;
				CODE_SIGN_STYLE = Automatic;
				CURRENT_PROJECT_VERSION = 1;
				DEVELOPMENT_ASSET_PATHS = "\"SolarSystem/Preview Content\"";
				DEVELOPMENT_TEAM = U4D48PAUT3;
				ENABLE_PREVIEWS = YES;
				GENERATE_INFOPLIST_FILE = YES;
				INFOPLIST_FILE = "$(TARGET_NAME)/Info.plist";
				LD_RUNPATH_SEARCH_PATHS = (
					"$(inherited)",
					"@executable_path/Frameworks",
				);
				MARKETING_VERSION = 1.0;
				PRODUCT_BUNDLE_IDENTIFIER = com.rishabhsharma.SolarSystem;
				PRODUCT_NAME = "$(TARGET_NAME)";
				SUPPORTED_PLATFORMS = "xros xrsimulator";
				SWIFT_EMIT_LOC_STRINGS = YES;
				SWIFT_VERSION = 5.0;
				TARGETED_DEVICE_FAMILY = "1,2,7";
			};
			name = Release;
		};
/* End XCBuildConfiguration section */

/* Begin XCConfigurationList section */
		1838CF652B6F77680094FC0F /* Build configuration list for PBXProject "SolarSystem" */ = {
			isa = XCConfigurationList;
			buildConfigurations = (
				1838CF7D2B6F77690094FC0F /* Debug */,
				1838CF7E2B6F77690094FC0F /* Release */,
			);
			defaultConfigurationIsVisible = 0;
			defaultConfigurationName = Release;
		};
		1838CF7F2B6F77690094FC0F /* Build configuration list for PBXNativeTarget "SolarSystem" */ = {
			isa = XCConfigurationList;
			buildConfigurations = (
				1838CF802B6F77690094FC0F /* Debug */,
				1838CF812B6F77690094FC0F /* Release */,
			);
			defaultConfigurationIsVisible = 0;
			defaultConfigurationName = Release;
		};
/* End XCConfigurationList section */

/* Begin XCSwiftPackageProductDependency section */
		1838CF6F2B6F77680094FC0F /* RealityKitContent */ = {
			isa = XCSwiftPackageProductDependency;
			productName = RealityKitContent;
		};
/* End XCSwiftPackageProductDependency section */
	};
	rootObject = 1838CF622B6F77680094FC0F /* Project object */;
}
